
Microsoft Visual Studio Solution File, Format Version 12.00
# Visual Studio 15
VisualStudioVersion = 15.0.28307.539
MinimumVisualStudioVersion = 10.0.40219.1
Project("{9A19103F-16F7-4668-BE54-9A1E7A4F7556}") = "TodoApplication.Web", "TodoApplication.Web\TodoApplication.Web.csproj", "{9CC2068E-1652-44E6-8BDA-CF8A92D94AD4}"
EndProject
Global
	GlobalSection(SolutionConfigurationPlatforms) = preSolution
		Debug|Any CPU = Debug|Any CPU
		Release|Any CPU = Release|Any CPU
	EndGlobalSection
	GlobalSection(ProjectConfigurationPlatforms) = postSolution
		{9CC2068E-1652-44E6-8BDA-CF8A92D94AD4}.Debug|Any CPU.ActiveCfg = Debug|Any CPU
		{9CC2068E-1652-44E6-8BDA-CF8A92D94AD4}.Debug|Any CPU.Build.0 = Debug|Any CPU
		{9CC2068E-1652-44E6-8BDA-CF8A92D94AD4}.Release|Any CPU.ActiveCfg = Release|Any CPU
		{9CC2068E-1652-44E6-8BDA-CF8A92D94AD4}.Release|Any CPU.Build.0 = Release|Any CPU
	EndGlobalSection
	GlobalSection(SolutionProperties) = preSolution
		HideSolutionNode = FALSE
	EndGlobalSection
	GlobalSection(ExtensibilityGlobals) = postSolution
		SolutionGuid = {06DC8652-0678-4B5B-A65D-8F1ECCB87615}
	EndGlobalSection
EndGlobal
